github.com/gomarkdown/markdown v0.0.0-20230922112808-5421fefb8386 h1:EcQR3gusLHN46TAD+G+EbaaqJArt5vHhNpXAa12PQf4=
github.com/gomarkdown/markdown v0.0.0-20230922112808-5421fefb8386/go.mod h1:JDGcbDT52eL4fju3sZ4TeHGsQwhG9nbDV21aMyhwPoA=
github.com/merliot/dean v0.0.0-20240117194605-79a37431f285 h1:r0nf5/aym09QK+uU6YqFoVmtX6amEjqm6Q7PCa9Yw6I=
github.com/merliot/dean v0.0.0-20240117194605-79a37431f285/go.mod h1:uoIGfhAx8rt/TB3mDZcZWvO/+ajvNitFYYHSHBqqBrE=
github.com/merliot/device v0.0.0-20240210074043-1e50b061e357 h1:afkfTCeKXSWQrGXoWXa/d/bg2Bkqx4dLj2xt+iJQnLs=
github.com/merliot/device v0.0.0-20240210074043-1e50b061e357/go.mod h1:vPrEcw70HyTYj3yM5uzl4ZNDVoPpyIRdl6xM9kpChn0=
github.com/merliot/device v0.0.0-20240210080827-a859f10dacab h1:8Vg0sX+UQOyMxYvI84A3eT0GkEe3U0Hsw32GVekadEo=
github.com/merliot/device v0.0.0-20240210080827-a859f10dacab/go.mod h1:vPrEcw70HyTYj3yM5uzl4ZNDVoPpyIRdl6xM9kpChn0=
github.com/merliot/device v0.0.0-20240210081622-098eae609043 h1:Rhz2ym7uogeSSLkMIU4/8bbSmtlgENxqEInncBAvInM=
github.com/merliot/device v0.0.0-20240210081622-098eae609043/go.mod h1:vPrEcw70HyTYj3yM5uzl4ZNDVoPpyIRdl6xM9kpChn0=
github.com/merliot/hub v0.0.0-20231201053612-24f08711cbb1 h1:RogBpD2Hj+o9OQVKS+ZsS9+kz3WXzLfDH09zGjKnc2k=
github.com/merliot/hub v0.0.0-20231201053612-24f08711cbb1/go.mod h1:UWNzbHxuk59gpZBJ5IAPevLmMgnpwhygAJKeV/U7avo=
github.com/x448/float16 v0.8.4 h1:qLwI1I70+NjRFUR3zs1JPUCgaCXSh3SW62uAKT1mSBM=
github.com/x448/float16 v0.8.4/go.mod h1:14CWIYCyZA/cWjXOioeEpHeN/83MdbZDRQHoFcYsOfg=
golang.org/x/crypto v0.16.0 h1:mMMrFzRSCF0GvB7Ne27XVtVAaXLrPmgPC7/v0tkwHaY=
golang.org/x/crypto v0.16.0/go.mod h1:gCAAfMLgwOJRpTjQ2zCCt2OcSfYMTeZVSRtQlPC7Nq4=
golang.org/x/crypto v0.18.0 h1:PGVlW0xEltQnzFZ55hkuX5+KLyrMYhHld1YHO4AKcdc=
golang.org/x/crypto v0.18.0/go.mod h1:R0j02AL6hcrfOiy9T4ZYp/rcWeMxM3L6QYxlOuEG1mg=
golang.org/x/crypto v0.19.0 h1:ENy+Az/9Y1vSrlrvBSyna3PITt4tiZLf7sgCjZBX7Wo=
golang.org/x/crypto v0.19.0/go.mod h1:Iy9bg/ha4yyC70EfRS8jz+B6ybOBKMaSxLj6P6oBDfU=
golang.org/x/net v0.19.0 h1:zTwKpTd2XuCqf8huc7Fo2iSy+4RHPd10s4KzeTnVr1c=
golang.org/x/net v0.19.0/go.mod h1:CfAk/cbD4CthTvqiEl8NpboMuiuOYsAr/7NOjZJtv1U=
golang.org/x/net v0.20.0 h1:aCL9BSgETF1k+blQaYUBx9hJ9LOGP3gAVemcZlf1Kpo=
golang.org/x/net v0.20.0/go.mod h1:z8BVo6PvndSri0LbOE3hAn0apkU+1YvI6E70E9jsnvY=
golang.org/x/net v0.21.0 h1:AQyQV4dYCvJ7vGmJyKki9+PBdyvhkSd8EIx/qb0AYv4=
golang.org/x/net v0.21.0/go.mod h1:bIjVDfnllIU7BJ2DNgfnXvpSvtn8VRwhlsaeUTyUS44=
golang.org/x/text v0.14.0 h1:ScX5w1eTa3QqT8oi6+ziP7dTV1S2+ALU0bI+0zXKWiQ=
golang.org/x/text v0.14.0/go.mod h1:18ZOQIKpY8NJVqYksKHtTdi31H5itFRjB5/qKTNYzSU=
