github.com/gomarkdown/markdown v0.0.0-20230922112808-5421fefb8386 h1:EcQR3gusLHN46TAD+G+EbaaqJArt5vHhNpXAa12PQf4=
github.com/gomarkdown/markdown v0.0.0-20230922112808-5421fefb8386/go.mod h1:JDGcbDT52eL4fju3sZ4TeHGsQwhG9nbDV21aMyhwPoA=
github.com/merliot/dean v0.0.0-20240117194605-79a37431f285 h1:r0nf5/aym09QK+uU6YqFoVmtX6amEjqm6Q7PCa9Yw6I=
github.com/merliot/dean v0.0.0-20240117194605-79a37431f285/go.mod h1:uoIGfhAx8rt/TB3mDZcZWvO/+ajvNitFYYHSHBqqBrE=
github.com/merliot/hub v0.0.0-20231201053612-24f08711cbb1 h1:RogBpD2Hj+o9OQVKS+ZsS9+kz3WXzLfDH09zGjKnc2k=
github.com/merliot/hub v0.0.0-20231201053612-24f08711cbb1/go.mod h1:UWNzbHxuk59gpZBJ5IAPevLmMgnpwhygAJKeV/U7avo=
github.com/x448/float16 v0.8.4 h1:qLwI1I70+NjRFUR3zs1JPUCgaCXSh3SW62uAKT1mSBM=
github.com/x448/float16 v0.8.4/go.mod h1:14CWIYCyZA/cWjXOioeEpHeN/83MdbZDRQHoFcYsOfg=
golang.org/x/crypto v0.16.0 h1:mMMrFzRSCF0GvB7Ne27XVtVAaXLrPmgPC7/v0tkwHaY=
golang.org/x/crypto v0.16.0/go.mod h1:gCAAfMLgwOJRpTjQ2zCCt2OcSfYMTeZVSRtQlPC7Nq4=
golang.org/x/net v0.19.0 h1:zTwKpTd2XuCqf8huc7Fo2iSy+4RHPd10s4KzeTnVr1c=
golang.org/x/net v0.19.0/go.mod h1:CfAk/cbD4CthTvqiEl8NpboMuiuOYsAr/7NOjZJtv1U=
golang.org/x/text v0.14.0 h1:ScX5w1eTa3QqT8oi6+ziP7dTV1S2+ALU0bI+0zXKWiQ=
golang.org/x/text v0.14.0/go.mod h1:18ZOQIKpY8NJVqYksKHtTdi31H5itFRjB5/qKTNYzSU=
